
Microsoft Visual Studio Solution File, Format Version 12.00
# Visual Studio Version 16
VisualStudioVersion = 25.0.1703.2
MinimumVisualStudioVersion = 10.0.40219.1
Project("{FAE04EC0-301F-11D3-BF4B-00C04F79EFBC}") = "ContactPro", "ContactPro\ContactPro.csproj", "{BAFC59B8-ACBB-4F27-A595-C32F80CD04D2}"
EndProject
Global
	GlobalSection(SolutionConfigurationPlatforms) = preSolution
		Debug|Any CPU = Debug|Any CPU
		Release|Any CPU = Release|Any CPU
	EndGlobalSection
	GlobalSection(ProjectConfigurationPlatforms) = postSolution
		{BAFC59B8-ACBB-4F27-A595-C32F80CD04D2}.Debug|Any CPU.ActiveCfg = Debug|Any CPU
		{BAFC59B8-ACBB-4F27-A595-C32F80CD04D2}.Debug|Any CPU.Build.0 = Debug|Any CPU
		{BAFC59B8-ACBB-4F27-A595-C32F80CD04D2}.Release|Any CPU.ActiveCfg = Release|Any CPU
		{BAFC59B8-ACBB-4F27-A595-C32F80CD04D2}.Release|Any CPU.Build.0 = Release|Any CPU
	EndGlobalSection
	GlobalSection(SolutionProperties) = preSolution
		HideSolutionNode = FALSE
	EndGlobalSection
	GlobalSection(ExtensibilityGlobals) = postSolution
		SolutionGuid = {0E59780F-0558-449D-9C27-1794D529A473}
	EndGlobalSection
EndGlobal
